// !$*UTF8*$!
{
	archiveVersion = 1;
	classes = {
	};
	objectVersion = 44;
	objects = {

/* Begin PBXBuildFile section */
		151114671051910D0016891D /* Benchmarks.xib in Resources */ = {isa = PBXBuildFile; fileRef = 151114651051910D0016891D /* Benchmarks.xib */; };
		1511146D105191330016891D /* FDBenchmarksController.m in Sources */ = {isa = PBXBuildFile; fileRef = 1511146C105191330016891D /* FDBenchmarksController.m */; };
		151C835C0E2E75A300053C9B /* FDAppListController.m in Sources */ = {isa = PBXBuildFile; fileRef = 151C835B0E2E75A200053C9B /* FDAppListController.m */; };
		151C842E0E2E8AAA00053C9B /* Security.framework in Frameworks */ = {isa = PBXBuildFile; fileRef = 151C842D0E2E8AAA00053C9B /* Security.framework */; };
		151CDF370DE42F24004396B9 /* FDPathUtils.m in Sources */ = {isa = PBXBuildFile; fileRef = 151CDF360DE42F24004396B9 /* FDPathUtils.m */; };
		151F5E6E0EEC7E6E00DCA339 /* FDDMPreferences.m in Sources */ = {isa = PBXBuildFile; fileRef = 151F5E6D0EEC7E6E00DCA339 /* FDDMPreferences.m */; };
		153C2B450EB66D2B000EBBFA /* FDProcessListController.m in Sources */ = {isa = PBXBuildFile; fileRef = 153C2B440EB66D2B000EBBFA /* FDProcessListController.m */; };
		153C2B5B0EB67277000EBBFA /* ProcessList.xib in Resources */ = {isa = PBXBuildFile; fileRef = 153C2B590EB67277000EBBFA /* ProcessList.xib */; };
		15405C620EB617F4009A7FF3 /* AppList.xib in Resources */ = {isa = PBXBuildFile; fileRef = 15405C600EB617F4009A7FF3 /* AppList.xib */; };
		15405C880EB619A1009A7FF3 /* MainMenu.xib in Resources */ = {isa = PBXBuildFile; fileRef = 15405C860EB619A1009A7FF3 /* MainMenu.xib */; };
		15405D7E0EB63180009A7FF3 /* FDLaunchJobsController.m in Sources */ = {isa = PBXBuildFile; fileRef = 15405D7D0EB63180009A7FF3 /* FDLaunchJobsController.m */; };
		15405D820EB633E3009A7FF3 /* LaunchJobs.xib in Resources */ = {isa = PBXBuildFile; fileRef = 15405D800EB633E3009A7FF3 /* LaunchJobs.xib */; };
		158D8E5F0DC6262D00521712 /* FDDMController.m in Sources */ = {isa = PBXBuildFile; fileRef = 158D8E5E0DC6262D00521712 /* FDDMController.m */; };
		158E37E90EAE5AE900B28ECD /* FDProcessInfoReader.m in Sources */ = {isa = PBXBuildFile; fileRef = 158E37E80EAE5AE900B28ECD /* FDProcessInfoReader.m */; };
		15A1FBF50EB7B200000AA708 /* Localizable.strings in Resources */ = {isa = PBXBuildFile; fileRef = 15A1FBF30EB7B200000AA708 /* Localizable.strings */; };
		15A1FE750EB7CD2C000AA708 /* FDArrayToSpaceSeparatedStringTransformer.m in Sources */ = {isa = PBXBuildFile; fileRef = 15A1FE730EB7CD2C000AA708 /* FDArrayToSpaceSeparatedStringTransformer.m */; };
		15CA28EB0DE36C9A001184D2 /* DaemonMaster.icns in Resources */ = {isa = PBXBuildFile; fileRef = 15CA28EA0DE36C9A001184D2 /* DaemonMaster.icns */; };
		15D63F430DC611B900DFEC40 /* FDLaunchJob.m in Sources */ = {isa = PBXBuildFile; fileRef = 15D63F420DC611B900DFEC40 /* FDLaunchJob.m */; };
		15D63F5A0DC613C400DFEC40 /* FDLaunchctlWrapper.m in Sources */ = {isa = PBXBuildFile; fileRef = 15D63F590DC613C400DFEC40 /* FDLaunchctlWrapper.m */; };
		15D63F640DC61AD400DFEC40 /* FDExceptionNames.m in Sources */ = {isa = PBXBuildFile; fileRef = 15D63F630DC61AD400DFEC40 /* FDExceptionNames.m */; };
		15E7F6380EAE935A00D0D85D /* SSYAuthorizedTaskmaster+DaemonMaster.m in Sources */ = {isa = PBXBuildFile; fileRef = 15E7F6370EAE935A00D0D85D /* SSYAuthorizedTaskmaster+DaemonMaster.m */; };
		15E7F6910EAE961A00D0D85D /* FDDMAppDelegate.m in Sources */ = {isa = PBXBuildFile; fileRef = 15E7F6900EAE961A00D0D85D /* FDDMAppDelegate.m */; };
		15E7F6940EAE96BC00D0D85D /* AuthorizedTasks_DaemonMaster.c in Sources */ = {isa = PBXBuildFile; fileRef = 15E7F6920EAE96BC00D0D85D /* AuthorizedTasks_DaemonMaster.c */; };
		15E7F6D30EAE99C100D0D85D /* AuthorizedTaskHelperToolInstaller in Resources */ = {isa = PBXBuildFile; fileRef = 15E7F6D10EAE99C100D0D85D /* AuthorizedTaskHelperToolInstaller */; };
		15E7F6D50EAE99C500D0D85D /* AuthorizedTaskHelperToolInstaller in CopyFiles */ = {isa = PBXBuildFile; fileRef = 15E7F6D10EAE99C100D0D85D /* AuthorizedTaskHelperToolInstaller */; };
		15E7F7890EAEA1A300D0D85D /* AuthorizedTaskHelperTool_DaemonMaster in Resources */ = {isa = PBXBuildFile; fileRef = 15E7F7880EAEA1A300D0D85D /* AuthorizedTaskHelperTool_DaemonMaster */; };
		15E7F78A0EAEA1B500D0D85D /* AuthorizedTaskHelperTool_DaemonMaster in CopyFiles */ = {isa = PBXBuildFile; fileRef = 15E7F7880EAEA1A300D0D85D /* AuthorizedTaskHelperTool_DaemonMaster */; };
		15E7F87D0EAEAFBD00D0D85D /* SSYAuthorizedTaskmaster.framework in Frameworks */ = {isa = PBXBuildFile; fileRef = 15E7F87C0EAEAFBD00D0D85D /* SSYAuthorizedTaskmaster.framework */; };
		15E7F8860EAEB02500D0D85D /* SSYAuthorizedTaskmaster.framework in CopyFiles */ = {isa = PBXBuildFile; fileRef = 15E7F87C0EAEAFBD00D0D85D /* SSYAuthorizedTaskmaster.framework */; };
		8D11072B0486CEB800E47090 /* InfoPlist.strings in Resources */ = {isa = PBXBuildFile; fileRef = 089C165CFE840E0CC02AAC07 /* InfoPlist.strings */; };
		8D11072D0486CEB800E47090 /* main.m in Sources */ = {isa = PBXBuildFile; fileRef = 29B97316FDCFA39411CA2CEA /* main.m */; settings = {ATTRIBUTES = (); }; };
		8D11072F0486CEB800E47090 /* Cocoa.framework in Frameworks */ = {isa = PBXBuildFile; fileRef = 1058C7A1FEA54F0111CA2CBB /* Cocoa.framework */; };
/* End PBXBuildFile section */

/* Begin PBXContainerItemProxy section */
		15A1FCC40EB7C101000AA708 /* PBXContainerItemProxy */ = {
			isa = PBXContainerItemProxy;
			containerPortal = 15E7F66B0EAE95B900D0D85D /* AuthorizedTasks.xcodeproj */;
			proxyType = 2;
			remoteGlobalIDString = 15A1FCB60EB7C0D4000AA708;
			remoteInfo = TestHarnessGetProcList;
		};
		15E7F6780EAE95B900D0D85D /* PBXContainerItemProxy */ = {
			isa = PBXContainerItemProxy;
			containerPortal = 15E7F66B0EAE95B900D0D85D /* AuthorizedTasks.xcodeproj */;
			proxyType = 2;
			remoteGlobalIDString = E449EC6E0B619E02009E190A;
			remoteInfo = AuthorizedTaskHelperToolInstaller;
		};
		15E7F67A0EAE95B900D0D85D /* PBXContainerItemProxy */ = {
			isa = PBXContainerItemProxy;
			containerPortal = 15E7F66B0EAE95B900D0D85D /* AuthorizedTasks.xcodeproj */;
			proxyType = 2;
			remoteGlobalIDString = 48A77B4D0DB7DEB800B5F8B5;
			remoteInfo = SSYAuthorizedTaskmaster;
		};
		15E7F72C0EAE9F6600D0D85D /* PBXContainerItemProxy */ = {
			isa = PBXContainerItemProxy;
			containerPortal = 15E7F66B0EAE95B900D0D85D /* AuthorizedTasks.xcodeproj */;
			proxyType = 1;
			remoteGlobalIDString = E449EC630B619E02009E190A;
			remoteInfo = AuthorizedTaskHelperToolInstaller;
		};
		15E7F7840EAEA12A00D0D85D /* PBXContainerItemProxy */ = {
			isa = PBXContainerItemProxy;
			containerPortal = 15E7F66B0EAE95B900D0D85D /* AuthorizedTasks.xcodeproj */;
			proxyType = 2;
			remoteGlobalIDString = 15E7F7810EAEA10C00D0D85D;
			remoteInfo = AuthorizedTaskHelperTool_DaemonMaster;
		};
		15E7F78B0EAEA1C000D0D85D /* PBXContainerItemProxy */ = {
			isa = PBXContainerItemProxy;
			containerPortal = 15E7F66B0EAE95B900D0D85D /* AuthorizedTasks.xcodeproj */;
			proxyType = 1;
			remoteGlobalIDString = 15E7F76D0EAEA10C00D0D85D;
			remoteInfo = AuthorizedTaskHelperTool_DaemonMaster;
		};
		15E7F87E0EAEAFE500D0D85D /* PBXContainerItemProxy */ = {
			isa = PBXContainerItemProxy;
			containerPortal = 15E7F66B0EAE95B900D0D85D /* AuthorizedTasks.xcodeproj */;
			proxyType = 1;
			remoteGlobalIDString = 48A77B4C0DB7DEB800B5F8B5;
			remoteInfo = SSYAuthorizedTaskmaster;
		};
/* End PBXContainerItemProxy section */

/* Begin PBXCopyFilesBuildPhase section */
		15E7F66A0EAE95AC00D0D85D /* CopyFiles */ = {
			isa = PBXCopyFilesBuildPhase;
			buildActionMask = 2147483647;
			dstPath = "";
			dstSubfolderSpec = 10;
			files = (
				15E7F8860EAEB02500D0D85D /* SSYAuthorizedTaskmaster.framework in CopyFiles */,
			);
			runOnlyForDeploymentPostprocessing = 0;
		};
		15E7F6BD0EAE98FD00D0D85D /* CopyFiles */ = {
			isa = PBXCopyFilesBuildPhase;
			buildActionMask = 2147483647;
			dstPath = "";
			dstSubfolderSpec = 6;
			files = (
				15E7F6D50EAE99C500D0D85D /* AuthorizedTaskHelperToolInstaller in CopyFiles */,
				15E7F78A0EAEA1B500D0D85D /* AuthorizedTaskHelperTool_DaemonMaster in CopyFiles */,
			);
			runOnlyForDeploymentPostprocessing = 0;
		};
/* End PBXCopyFilesBuildPhase section */

/* Begin PBXFileReference section */
		089C165DFE840E0CC02AAC07 /* English */ = {isa = PBXFileReference; fileEncoding = 10; lastKnownFileType = text.plist.strings; name = English; path = English.lproj/InfoPlist.strings; sourceTree = "<group>"; };
		1058C7A1FEA54F0111CA2CBB /* Cocoa.framework */ = {isa = PBXFileReference; lastKnownFileType = wrapper.framework; name = Cocoa.framework; path = /System/Library/Frameworks/Cocoa.framework; sourceTree = "<absolute>"; };
		13E42FB307B3F0F600E4EEF1 /* CoreData.framework */ = {isa = PBXFileReference; lastKnownFileType = wrapper.framework; name = CoreData.framework; path = /System/Library/Frameworks/CoreData.framework; sourceTree = "<absolute>"; };
		151114661051910D0016891D /* English */ = {isa = PBXFileReference; lastKnownFileType = file.xib; name = English; path = English.lproj/Benchmarks.xib; sourceTree = "<group>"; };
		1511146B105191330016891D /* FDBenchmarksController.h */ = {isa = PBXFileReference; fileEncoding = 4; lastKnownFileType = sourcecode.c.h; name = FDBenchmarksController.h; path = src/FDBenchmarksController.h; sourceTree = "<group>"; };
		1511146C105191330016891D /* FDBenchmarksController.m */ = {isa = PBXFileReference; fileEncoding = 4; lastKnownFileType = sourcecode.c.objc; name = FDBenchmarksController.m; path = src/FDBenchmarksController.m; sourceTree = "<group>"; };
		151C835A0E2E75A200053C9B /* FDAppListController.h */ = {isa = PBXFileReference; fileEncoding = 4; lastKnownFileType = sourcecode.c.h; name = FDAppListController.h; path = src/FDAppListController.h; sourceTree = "<group>"; };
		151C835B0E2E75A200053C9B /* FDAppListController.m */ = {isa = PBXFileReference; fileEncoding = 4; lastKnownFileType = sourcecode.c.objc; name = FDAppListController.m; path = src/FDAppListController.m; sourceTree = "<group>"; };
		151C842D0E2E8AAA00053C9B /* Security.framework */ = {isa = PBXFileReference; lastKnownFileType = wrapper.framework; name = Security.framework; path = /System/Library/Frameworks/Security.framework; sourceTree = "<absolute>"; };
		151CDF350DE42F24004396B9 /* FDPathUtils.h */ = {isa = PBXFileReference; fileEncoding = 4; lastKnownFileType = sourcecode.c.h; name = FDPathUtils.h; path = src/FDPathUtils.h; sourceTree = "<group>"; };
		151CDF360DE42F24004396B9 /* FDPathUtils.m */ = {isa = PBXFileReference; fileEncoding = 4; lastKnownFileType = sourcecode.c.objc; name = FDPathUtils.m; path = src/FDPathUtils.m; sourceTree = "<group>"; };
		151F5E6C0EEC7E6E00DCA339 /* FDDMPreferences.h */ = {isa = PBXFileReference; fileEncoding = 4; lastKnownFileType = sourcecode.c.h; name = FDDMPreferences.h; path = src/FDDMPreferences.h; sourceTree = "<group>"; };
		151F5E6D0EEC7E6E00DCA339 /* FDDMPreferences.m */ = {isa = PBXFileReference; fileEncoding = 4; lastKnownFileType = sourcecode.c.objc; name = FDDMPreferences.m; path = src/FDDMPreferences.m; sourceTree = "<group>"; };
		153C2B430EB66D2B000EBBFA /* FDProcessListController.h */ = {isa = PBXFileReference; fileEncoding = 4; lastKnownFileType = sourcecode.c.h; name = FDProcessListController.h; path = src/FDProcessListController.h; sourceTree = "<group>"; };
		153C2B440EB66D2B000EBBFA /* FDProcessListController.m */ = {isa = PBXFileReference; fileEncoding = 4; lastKnownFileType = sourcecode.c.objc; name = FDProcessListController.m; path = src/FDProcessListController.m; sourceTree = "<group>"; };
		153C2B5A0EB67277000EBBFA /* English */ = {isa = PBXFileReference; lastKnownFileType = file.xib; name = English; path = English.lproj/ProcessList.xib; sourceTree = "<group>"; };
		15405C610EB617F4009A7FF3 /* English */ = {isa = PBXFileReference; lastKnownFileType = file.xib; name = English; path = English.lproj/AppList.xib; sourceTree = "<group>"; };
		15405C870EB619A1009A7FF3 /* English */ = {isa = PBXFileReference; lastKnownFileType = file.xib; name = English; path = English.lproj/MainMenu.xib; sourceTree = "<group>"; };
		15405D7C0EB63180009A7FF3 /* FDLaunchJobsController.h */ = {isa = PBXFileReference; fileEncoding = 4; lastKnownFileType = sourcecode.c.h; name = FDLaunchJobsController.h; path = src/FDLaunchJobsController.h; sourceTree = "<group>"; };
		15405D7D0EB63180009A7FF3 /* FDLaunchJobsController.m */ = {isa = PBXFileReference; fileEncoding = 4; lastKnownFileType = sourcecode.c.objc; name = FDLaunchJobsController.m; path = src/FDLaunchJobsController.m; sourceTree = "<group>"; };
		15405D810EB633E3009A7FF3 /* English */ = {isa = PBXFileReference; lastKnownFileType = file.xib; name = English; path = English.lproj/LaunchJobs.xib; sourceTree = "<group>"; };
		158D8E5D0DC6262D00521712 /* FDDMController.h */ = {isa = PBXFileReference; fileEncoding = 4; lastKnownFileType = sourcecode.c.h; name = FDDMController.h; path = src/FDDMController.h; sourceTree = "<group>"; };
		158D8E5E0DC6262D00521712 /* FDDMController.m */ = {isa = PBXFileReference; fileEncoding = 4; lastKnownFileType = sourcecode.c.objc; name = FDDMController.m; path = src/FDDMController.m; sourceTree = "<group>"; };
		158E37E70EAE5AE900B28ECD /* FDProcessInfoReader.h */ = {isa = PBXFileReference; fileEncoding = 4; lastKnownFileType = sourcecode.c.h; name = FDProcessInfoReader.h; path = src/FDProcessInfoReader.h; sourceTree = "<group>"; };
		158E37E80EAE5AE900B28ECD /* FDProcessInfoReader.m */ = {isa = PBXFileReference; fileEncoding = 4; lastKnownFileType = sourcecode.c.objc; name = FDProcessInfoReader.m; path = src/FDProcessInfoReader.m; sourceTree = "<group>"; };
		15A1FBF40EB7B200000AA708 /* English */ = {isa = PBXFileReference; fileEncoding = 4; lastKnownFileType = text.plist.strings; name = English; path = English.lproj/Localizable.strings; sourceTree = "<group>"; };
		15A1FE730EB7CD2C000AA708 /* FDArrayToSpaceSeparatedStringTransformer.m */ = {isa = PBXFileReference; fileEncoding = 4; lastKnownFileType = sourcecode.c.objc; name = FDArrayToSpaceSeparatedStringTransformer.m; path = src/ValueTransformers/FDArrayToSpaceSeparatedStringTransformer.m; sourceTree = "<group>"; };
		15A1FE740EB7CD2C000AA708 /* FDArrayToSpaceSeparatedStringTransformer.h */ = {isa = PBXFileReference; fileEncoding = 4; lastKnownFileType = sourcecode.c.h; name = FDArrayToSpaceSeparatedStringTransformer.h; path = src/ValueTransformers/FDArrayToSpaceSeparatedStringTransformer.h; sourceTree = "<group>"; };
		15CA28EA0DE36C9A001184D2 /* DaemonMaster.icns */ = {isa = PBXFileReference; lastKnownFileType = image.icns; name = DaemonMaster.icns; path = Resources/DaemonMaster.icns; sourceTree = "<group>"; };
		15D63F410DC611B900DFEC40 /* FDLaunchJob.h */ = {isa = PBXFileReference; fileEncoding = 4; lastKnownFileType = sourcecode.c.h; name = FDLaunchJob.h; path = src/FDLaunchJob.h; sourceTree = "<group>"; };
		15D63F420DC611B900DFEC40 /* FDLaunchJob.m */ = {isa = PBXFileReference; fileEncoding = 4; lastKnownFileType = sourcecode.c.objc; name = FDLaunchJob.m; path = src/FDLaunchJob.m; sourceTree = "<group>"; };
		15D63F580DC613C400DFEC40 /* FDLaunchctlWrapper.h */ = {isa = PBXFileReference; fileEncoding = 4; lastKnownFileType = sourcecode.c.h; name = FDLaunchctlWrapper.h; path = src/FDLaunchctlWrapper.h; sourceTree = "<group>"; };
		15D63F590DC613C400DFEC40 /* FDLaunchctlWrapper.m */ = {isa = PBXFileReference; fileEncoding = 4; lastKnownFileType = sourcecode.c.objc; name = FDLaunchctlWrapper.m; path = src/FDLaunchctlWrapper.m; sourceTree = "<group>"; };
		15D63F620DC61AD400DFEC40 /* FDExceptionNames.h */ = {isa = PBXFileReference; fileEncoding = 4; lastKnownFileType = sourcecode.c.h; name = FDExceptionNames.h; path = src/FDExceptionNames.h; sourceTree = "<group>"; };
		15D63F630DC61AD400DFEC40 /* FDExceptionNames.m */ = {isa = PBXFileReference; fileEncoding = 4; lastKnownFileType = sourcecode.c.objc; name = FDExceptionNames.m; path = src/FDExceptionNames.m; sourceTree = "<group>"; };
		15E7F6360EAE935A00D0D85D /* SSYAuthorizedTaskmaster+DaemonMaster.h */ = {isa = PBXFileReference; fileEncoding = 4; lastKnownFileType = sourcecode.c.h; name = "SSYAuthorizedTaskmaster+DaemonMaster.h"; path = "src/AuthorizedTasks/SSYAuthorizedTaskmaster+DaemonMaster.h"; sourceTree = SOURCE_ROOT; };
		15E7F6370EAE935A00D0D85D /* SSYAuthorizedTaskmaster+DaemonMaster.m */ = {isa = PBXFileReference; fileEncoding = 4; lastKnownFileType = sourcecode.c.objc; name = "SSYAuthorizedTaskmaster+DaemonMaster.m"; path = "src/AuthorizedTasks/SSYAuthorizedTaskmaster+DaemonMaster.m"; sourceTree = SOURCE_ROOT; };
		15E7F66B0EAE95B900D0D85D /* AuthorizedTasks.xcodeproj */ = {isa = PBXFileReference; lastKnownFileType = "wrapper.pb-project"; name = AuthorizedTasks.xcodeproj; path = AuthorizedTasks/AuthorizedTasks.xcodeproj; sourceTree = "<group>"; };
		15E7F68F0EAE961A00D0D85D /* FDDMAppDelegate.h */ = {isa = PBXFileReference; fileEncoding = 4; lastKnownFileType = sourcecode.c.h; name = FDDMAppDelegate.h; path = src/FDDMAppDelegate.h; sourceTree = "<group>"; };
		15E7F6900EAE961A00D0D85D /* FDDMAppDelegate.m */ = {isa = PBXFileReference; fileEncoding = 4; lastKnownFileType = sourcecode.c.objc; name = FDDMAppDelegate.m; path = src/FDDMAppDelegate.m; sourceTree = "<group>"; };
		15E7F6920EAE96BC00D0D85D /* AuthorizedTasks_DaemonMaster.c */ = {isa = PBXFileReference; fileEncoding = 4; lastKnownFileType = sourcecode.c.c; name = AuthorizedTasks_DaemonMaster.c; path = AuthorizedTasks/AuthorizedTasks_DaemonMaster.c; sourceTree = SOURCE_ROOT; };
		15E7F6930EAE96BC00D0D85D /* AuthorizedTasks_DaemonMaster.h */ = {isa = PBXFileReference; fileEncoding = 4; lastKnownFileType = sourcecode.c.h; name = AuthorizedTasks_DaemonMaster.h; path = AuthorizedTasks/AuthorizedTasks_DaemonMaster.h; sourceTree = SOURCE_ROOT; };
		15E7F6D10EAE99C100D0D85D /* AuthorizedTaskHelperToolInstaller */ = {isa = PBXFileReference; lastKnownFileType = "compiled.mach-o.executable"; name = AuthorizedTaskHelperToolInstaller; path = AuthorizedTasks/build/Release/AuthorizedTaskHelperToolInstaller; sourceTree = "<group>"; };
		15E7F7880EAEA1A300D0D85D /* AuthorizedTaskHelperTool_DaemonMaster */ = {isa = PBXFileReference; lastKnownFileType = "compiled.mach-o.executable"; name = AuthorizedTaskHelperTool_DaemonMaster; path = AuthorizedTasks/build/Release/AuthorizedTaskHelperTool_DaemonMaster; sourceTree = "<group>"; };
		15E7F87C0EAEAFBD00D0D85D /* SSYAuthorizedTaskmaster.framework */ = {isa = PBXFileReference; lastKnownFileType = wrapper.framework; name = SSYAuthorizedTaskmaster.framework; path = AuthorizedTasks/build/Release/SSYAuthorizedTaskmaster.framework; sourceTree = "<group>"; };
		29B97316FDCFA39411CA2CEA /* main.m */ = {isa = PBXFileReference; fileEncoding = 4; lastKnownFileType = sourcecode.c.objc; path = main.m; sourceTree = "<group>"; };
		29B97324FDCFA39411CA2CEA /* AppKit.framework */ = {isa = PBXFileReference; lastKnownFileType = wrapper.framework; name = AppKit.framework; path = /System/Library/Frameworks/AppKit.framework; sourceTree = "<absolute>"; };
		29B97325FDCFA39411CA2CEA /* Foundation.framework */ = {isa = PBXFileReference; lastKnownFileType = wrapper.framework; name = Foundation.framework; path = /System/Library/Frameworks/Foundation.framework; sourceTree = "<absolute>"; };
		32CA4F630368D1EE00C91783 /* DaemonMaster_Prefix.pch */ = {isa = PBXFileReference; fileEncoding = 4; lastKnownFileType = sourcecode.c.h; path = DaemonMaster_Prefix.pch; sourceTree = "<group>"; };
		8D1107310486CEB800E47090 /* Info.plist */ = {isa = PBXFileReference; fileEncoding = 4; lastKnownFileType = text.plist.xml; path = Info.plist; sourceTree = "<group>"; };
		8D1107320486CEB800E47090 /* DaemonMaster.app */ = {isa = PBXFileReference; explicitFileType = wrapper.application; includeInIndex = 0; path = DaemonMaster.app; sourceTree = BUILT_PRODUCTS_DIR; };
/* End PBXFileReference section */

/* Begin PBXFrameworksBuildPhase section */
		8D11072E0486CEB800E47090 /* Frameworks */ = {
			isa = PBXFrameworksBuildPhase;
			buildActionMask = 2147483647;
			files = (
				8D11072F0486CEB800E47090 /* Cocoa.framework in Frameworks */,
				151C842E0E2E8AAA00053C9B /* Security.framework in Frameworks */,
				15E7F87D0EAEAFBD00D0D85D /* SSYAuthorizedTaskmaster.framework in Frameworks */,
			);
			runOnlyForDeploymentPostprocessing = 0;
		};
/* End PBXFrameworksBuildPhase section */

/* Begin PBXGroup section */
		080E96DDFE201D6D7F000001 /* Classes */ = {
			isa = PBXGroup;
			children = (
				151F5E6C0EEC7E6E00DCA339 /* FDDMPreferences.h */,
				151F5E6D0EEC7E6E00DCA339 /* FDDMPreferences.m */,
				15A1FE340EB7C91B000AA708 /* ValueTransformers */,
				15E7F6350EAE935A00D0D85D /* AuthorizedTasks */,
				151C835A0E2E75A200053C9B /* FDAppListController.h */,
				151C835B0E2E75A200053C9B /* FDAppListController.m */,
				1511146B105191330016891D /* FDBenchmarksController.h */,
				1511146C105191330016891D /* FDBenchmarksController.m */,
				15E7F68F0EAE961A00D0D85D /* FDDMAppDelegate.h */,
				15E7F6900EAE961A00D0D85D /* FDDMAppDelegate.m */,
				158D8E5D0DC6262D00521712 /* FDDMController.h */,
				158D8E5E0DC6262D00521712 /* FDDMController.m */,
				15D63F580DC613C400DFEC40 /* FDLaunchctlWrapper.h */,
				15D63F590DC613C400DFEC40 /* FDLaunchctlWrapper.m */,
				15D63F410DC611B900DFEC40 /* FDLaunchJob.h */,
				15D63F420DC611B900DFEC40 /* FDLaunchJob.m */,
				15405D7C0EB63180009A7FF3 /* FDLaunchJobsController.h */,
				15405D7D0EB63180009A7FF3 /* FDLaunchJobsController.m */,
				158E37E70EAE5AE900B28ECD /* FDProcessInfoReader.h */,
				158E37E80EAE5AE900B28ECD /* FDProcessInfoReader.m */,
				153C2B430EB66D2B000EBBFA /* FDProcessListController.h */,
				153C2B440EB66D2B000EBBFA /* FDProcessListController.m */,
			);
			name = Classes;
			sourceTree = "<group>";
		};
		1058C7A0FEA54F0111CA2CBB /* Linked Frameworks */ = {
			isa = PBXGroup;
			children = (
				15E7F87C0EAEAFBD00D0D85D /* SSYAuthorizedTaskmaster.framework */,
				151C842D0E2E8AAA00053C9B /* Security.framework */,
				1058C7A1FEA54F0111CA2CBB /* Cocoa.framework */,
			);
			name = "Linked Frameworks";
			sourceTree = "<group>";
		};
		1058C7A2FEA54F0111CA2CBB /* Other Frameworks */ = {
			isa = PBXGroup;
			children = (
				29B97324FDCFA39411CA2CEA /* AppKit.framework */,
				13E42FB307B3F0F600E4EEF1 /* CoreData.framework */,
				29B97325FDCFA39411CA2CEA /* Foundation.framework */,
			);
			name = "Other Frameworks";
			sourceTree = "<group>";
		};
		15A1FE340EB7C91B000AA708 /* ValueTransformers */ = {
			isa = PBXGroup;
			children = (
				15A1FE730EB7CD2C000AA708 /* FDArrayToSpaceSeparatedStringTransformer.m */,
				15A1FE740EB7CD2C000AA708 /* FDArrayToSpaceSeparatedStringTransformer.h */,
			);
			name = ValueTransformers;
			sourceTree = "<group>";
		};
		15E7F6350EAE935A00D0D85D /* AuthorizedTasks */ = {
			isa = PBXGroup;
			children = (
				15E7F6920EAE96BC00D0D85D /* AuthorizedTasks_DaemonMaster.c */,
				15E7F6930EAE96BC00D0D85D /* AuthorizedTasks_DaemonMaster.h */,
				15E7F6360EAE935A00D0D85D /* SSYAuthorizedTaskmaster+DaemonMaster.h */,
				15E7F6370EAE935A00D0D85D /* SSYAuthorizedTaskmaster+DaemonMaster.m */,
			);
			name = AuthorizedTasks;
			path = src/AuthorizedTask;
			sourceTree = "<group>";
		};
		15E7F6690EAE95AB00D0D85D /* Projects */ = {
			isa = PBXGroup;
			children = (
				15E7F66B0EAE95B900D0D85D /* AuthorizedTasks.xcodeproj */,
			);
			name = Projects;
			sourceTree = "<group>";
		};
		15E7F66C0EAE95B900D0D85D /* Products */ = {
			isa = PBXGroup;
			children = (
				15E7F6790EAE95B900D0D85D /* AuthorizedTaskHelperToolInstaller */,
				15E7F67B0EAE95B900D0D85D /* SSYAuthorizedTaskmaster.framework */,
				15E7F7850EAEA12A00D0D85D /* AuthorizedTaskHelperTool_DaemonMaster */,
				15A1FCC50EB7C101000AA708 /* TestHarnessGetProcList */,
			);
			name = Products;
			sourceTree = "<group>";
		};
		15E7F6D00EAE99A600D0D85D /* AuthorizedTasks */ = {
			isa = PBXGroup;
			children = (
				15E7F6D10EAE99C100D0D85D /* AuthorizedTaskHelperToolInstaller */,
				15E7F7880EAEA1A300D0D85D /* AuthorizedTaskHelperTool_DaemonMaster */,
			);
			name = AuthorizedTasks;
			sourceTree = "<group>";
		};
		19C28FACFE9D520D11CA2CBB /* Products */ = {
			isa = PBXGroup;
			children = (
				15E7F6D00EAE99A600D0D85D /* AuthorizedTasks */,
				8D1107320486CEB800E47090 /* DaemonMaster.app */,
			);
			name = Products;
			sourceTree = "<group>";
		};
		29B97314FDCFA39411CA2CEA /* DaemonMaster */ = {
			isa = PBXGroup;
			children = (
				15E7F6690EAE95AB00D0D85D /* Projects */,
				080E96DDFE201D6D7F000001 /* Classes */,
				29B97315FDCFA39411CA2CEA /* Other Sources */,
				29B97317FDCFA39411CA2CEA /* Resources */,
				29B97323FDCFA39411CA2CEA /* Frameworks */,
				19C28FACFE9D520D11CA2CBB /* Products */,
			);
			name = DaemonMaster;
			sourceTree = "<group>";
		};
		29B97315FDCFA39411CA2CEA /* Other Sources */ = {
			isa = PBXGroup;
			children = (
				32CA4F630368D1EE00C91783 /* DaemonMaster_Prefix.pch */,
				15D63F620DC61AD400DFEC40 /* FDExceptionNames.h */,
				15D63F630DC61AD400DFEC40 /* FDExceptionNames.m */,
				29B97316FDCFA39411CA2CEA /* main.m */,
				151CDF350DE42F24004396B9 /* FDPathUtils.h */,
				151CDF360DE42F24004396B9 /* FDPathUtils.m */,
			);
			name = "Other Sources";
			sourceTree = "<group>";
		};
		29B97317FDCFA39411CA2CEA /* Resources */ = {
			isa = PBXGroup;
			children = (
				15A1FBF30EB7B200000AA708 /* Localizable.strings */,
				15CA28EA0DE36C9A001184D2 /* DaemonMaster.icns */,
				8D1107310486CEB800E47090 /* Info.plist */,
				089C165CFE840E0CC02AAC07 /* InfoPlist.strings */,
				15405C860EB619A1009A7FF3 /* MainMenu.xib */,
				153C2B590EB67277000EBBFA /* ProcessList.xib */,
				15405C600EB617F4009A7FF3 /* AppList.xib */,
				15405D800EB633E3009A7FF3 /* LaunchJobs.xib */,
				151114651051910D0016891D /* Benchmarks.xib */,
			);
			name = Resources;
			sourceTree = "<group>";
		};
		29B97323FDCFA39411CA2CEA /* Frameworks */ = {
			isa = PBXGroup;
			children = (
				1058C7A0FEA54F0111CA2CBB /* Linked Frameworks */,
				1058C7A2FEA54F0111CA2CBB /* Other Frameworks */,
			);
			name = Frameworks;
			sourceTree = "<group>";
		};
/* End PBXGroup section */

/* Begin PBXNativeTarget section */
		8D1107260486CEB800E47090 /* DaemonMaster */ = {
			isa = PBXNativeTarget;
			buildConfigurationList = C01FCF4A08A954540054247B /* Build configuration list for PBXNativeTarget "DaemonMaster" */;
			buildPhases = (
				8D1107290486CEB800E47090 /* Resources */,
				8D11072C0486CEB800E47090 /* Sources */,
				8D11072E0486CEB800E47090 /* Frameworks */,
				15E7F66A0EAE95AC00D0D85D /* CopyFiles */,
				15E7F6BD0EAE98FD00D0D85D /* CopyFiles */,
			);
			buildRules = (
			);
			dependencies = (
				15E7F72D0EAE9F6600D0D85D /* PBXTargetDependency */,
				15E7F78C0EAEA1C000D0D85D /* PBXTargetDependency */,
				15E7F87F0EAEAFE500D0D85D /* PBXTargetDependency */,
			);
			name = DaemonMaster;
			productInstallPath = "$(HOME)/Applications";
			productName = DaemonMaster;
			productReference = 8D1107320486CEB800E47090 /* DaemonMaster.app */;
			productType = "com.apple.product-type.application";
		};
/* End PBXNativeTarget section */

/* Begin PBXProject section */
		29B97313FDCFA39411CA2CEA /* Project object */ = {
			isa = PBXProject;
			buildConfigurationList = C01FCF4E08A954540054247B /* Build configuration list for PBXProject "DaemonMaster" */;
			compatibilityVersion = "Xcode 3.0";
			hasScannedForEncodings = 1;
			mainGroup = 29B97314FDCFA39411CA2CEA /* DaemonMaster */;
			projectDirPath = "";
			projectReferences = (
				{
					ProductGroup = 15E7F66C0EAE95B900D0D85D /* Products */;
					ProjectRef = 15E7F66B0EAE95B900D0D85D /* AuthorizedTasks.xcodeproj */;
				},
			);
			projectRoot = "";
			targets = (
				8D1107260486CEB800E47090 /* DaemonMaster */,
			);
		};
/* End PBXProject section */

/* Begin PBXReferenceProxy section */
		15A1FCC50EB7C101000AA708 /* TestHarnessGetProcList */ = {
			isa = PBXReferenceProxy;
			fileType = "compiled.mach-o.executable";
			path = TestHarnessGetProcList;
			remoteRef = 15A1FCC40EB7C101000AA708 /* PBXContainerItemProxy */;
			sourceTree = BUILT_PRODUCTS_DIR;
		};
		15E7F6790EAE95B900D0D85D /* AuthorizedTaskHelperToolInstaller */ = {
			isa = PBXReferenceProxy;
			fileType = "compiled.mach-o.executable";
			path = AuthorizedTaskHelperToolInstaller;
			remoteRef = 15E7F6780EAE95B900D0D85D /* PBXContainerItemProxy */;
			sourceTree = BUILT_PRODUCTS_DIR;
		};
		15E7F67B0EAE95B900D0D85D /* SSYAuthorizedTaskmaster.framework */ = {
			isa = PBXReferenceProxy;
			fileType = wrapper.framework;
			path = SSYAuthorizedTaskmaster.framework;
			remoteRef = 15E7F67A0EAE95B900D0D85D /* PBXContainerItemProxy */;
			sourceTree = BUILT_PRODUCTS_DIR;
		};
		15E7F7850EAEA12A00D0D85D /* AuthorizedTaskHelperTool_DaemonMaster */ = {
			isa = PBXReferenceProxy;
			fileType = "compiled.mach-o.executable";
			path = AuthorizedTaskHelperTool_DaemonMaster;
			remoteRef = 15E7F7840EAEA12A00D0D85D /* PBXContainerItemProxy */;
			sourceTree = BUILT_PRODUCTS_DIR;
		};
/* End PBXReferenceProxy section */

/* Begin PBXResourcesBuildPhase section */
		8D1107290486CEB800E47090 /* Resources */ = {
			isa = PBXResourcesBuildPhase;
			buildActionMask = 2147483647;
			files = (
				8D11072B0486CEB800E47090 /* InfoPlist.strings in Resources */,
				15CA28EB0DE36C9A001184D2 /* DaemonMaster.icns in Resources */,
				15E7F6D30EAE99C100D0D85D /* AuthorizedTaskHelperToolInstaller in Resources */,
				15E7F7890EAEA1A300D0D85D /* AuthorizedTaskHelperTool_DaemonMaster in Resources */,
				15405C620EB617F4009A7FF3 /* AppList.xib in Resources */,
				15405C880EB619A1009A7FF3 /* MainMenu.xib in Resources */,
				15405D820EB633E3009A7FF3 /* LaunchJobs.xib in Resources */,
				153C2B5B0EB67277000EBBFA /* ProcessList.xib in Resources */,
				15A1FBF50EB7B200000AA708 /* Localizable.strings in Resources */,
				151114671051910D0016891D /* Benchmarks.xib in Resources */,
			);
			runOnlyForDeploymentPostprocessing = 0;
		};
/* End PBXResourcesBuildPhase section */

/* Begin PBXSourcesBuildPhase section */
		8D11072C0486CEB800E47090 /* Sources */ = {
			isa = PBXSourcesBuildPhase;
			buildActionMask = 2147483647;
			files = (
				8D11072D0486CEB800E47090 /* main.m in Sources */,
				15D63F430DC611B900DFEC40 /* FDLaunchJob.m in Sources */,
				15D63F5A0DC613C400DFEC40 /* FDLaunchctlWrapper.m in Sources */,
				15D63F640DC61AD400DFEC40 /* FDExceptionNames.m in Sources */,
				158D8E5F0DC6262D00521712 /* FDDMController.m in Sources */,
				151CDF370DE42F24004396B9 /* FDPathUtils.m in Sources */,
				151C835C0E2E75A300053C9B /* FDAppListController.m in Sources */,
				158E37E90EAE5AE900B28ECD /* FDProcessInfoReader.m in Sources */,
				15E7F6380EAE935A00D0D85D /* SSYAuthorizedTaskmaster+DaemonMaster.m in Sources */,
				15E7F6910EAE961A00D0D85D /* FDDMAppDelegate.m in Sources */,
				15E7F6940EAE96BC00D0D85D /* AuthorizedTasks_DaemonMaster.c in Sources */,
				15405D7E0EB63180009A7FF3 /* FDLaunchJobsController.m in Sources */,
				153C2B450EB66D2B000EBBFA /* FDProcessListController.m in Sources */,
				15A1FE750EB7CD2C000AA708 /* FDArrayToSpaceSeparatedStringTransformer.m in Sources */,
				151F5E6E0EEC7E6E00DCA339 /* FDDMPreferences.m in Sources */,
				1511146D105191330016891D /* FDBenchmarksController.m in Sources */,
			);
			runOnlyForDeploymentPostprocessing = 0;
		};
/* End PBXSourcesBuildPhase section */

/* Begin PBXTargetDependency section */
		15E7F72D0EAE9F6600D0D85D /* PBXTargetDependency */ = {
			isa = PBXTargetDependency;
			name = AuthorizedTaskHelperToolInstaller;
			targetProxy = 15E7F72C0EAE9F6600D0D85D /* PBXContainerItemProxy */;
		};
		15E7F78C0EAEA1C000D0D85D /* PBXTargetDependency */ = {
			isa = PBXTargetDependency;
			name = AuthorizedTaskHelperTool_DaemonMaster;
			targetProxy = 15E7F78B0EAEA1C000D0D85D /* PBXContainerItemProxy */;
		};
		15E7F87F0EAEAFE500D0D85D /* PBXTargetDependency */ = {
			isa = PBXTargetDependency;
			name = SSYAuthorizedTaskmaster;
			targetProxy = 15E7F87E0EAEAFE500D0D85D /* PBXContainerItemProxy */;
		};
/* End PBXTargetDependency section */

/* Begin PBXVariantGroup section */
		089C165CFE840E0CC02AAC07 /* InfoPlist.strings */ = {
			isa = PBXVariantGroup;
			children = (
				089C165DFE840E0CC02AAC07 /* English */,
			);
			name = InfoPlist.strings;
			sourceTree = "<group>";
		};
		151114651051910D0016891D /* Benchmarks.xib */ = {
			isa = PBXVariantGroup;
			children = (
				151114661051910D0016891D /* English */,
			);
			name = Benchmarks.xib;
			sourceTree = "<group>";
		};
		153C2B590EB67277000EBBFA /* ProcessList.xib */ = {
			isa = PBXVariantGroup;
			children = (
				153C2B5A0EB67277000EBBFA /* English */,
			);
			name = ProcessList.xib;
			sourceTree = "<group>";
		};
		15405C600EB617F4009A7FF3 /* AppList.xib */ = {
			isa = PBXVariantGroup;
			children = (
				15405C610EB617F4009A7FF3 /* English */,
			);
			name = AppList.xib;
			sourceTree = "<group>";
		};
		15405C860EB619A1009A7FF3 /* MainMenu.xib */ = {
			isa = PBXVariantGroup;
			children = (
				15405C870EB619A1009A7FF3 /* English */,
			);
			name = MainMenu.xib;
			sourceTree = "<group>";
		};
		15405D800EB633E3009A7FF3 /* LaunchJobs.xib */ = {
			isa = PBXVariantGroup;
			children = (
				15405D810EB633E3009A7FF3 /* English */,
			);
			name = LaunchJobs.xib;
			sourceTree = "<group>";
		};
		15A1FBF30EB7B200000AA708 /* Localizable.strings */ = {
			isa = PBXVariantGroup;
			children = (
				15A1FBF40EB7B200000AA708 /* English */,
			);
			name = Localizable.strings;
			sourceTree = "<group>";
		};
/* End PBXVariantGroup section */

/* Begin XCBuildConfiguration section */
		C01FCF4B08A954540054247B /* Debug */ = {
			isa = XCBuildConfiguration;
			buildSettings = {
				COPY_PHASE_STRIP = NO;
				FRAMEWORK_SEARCH_PATHS = (
					"$(inherited)",
					"\"$(SRCROOT)/AuthorizedTasks/build/Debug\"",
					"\"$(SRCROOT)/AuthorizedTasks/build/Release\"",
				);
				GCC_DYNAMIC_NO_PIC = NO;
				GCC_ENABLE_FIX_AND_CONTINUE = YES;
				GCC_MODEL_TUNING = G5;
				GCC_OPTIMIZATION_LEVEL = 0;
				GCC_PRECOMPILE_PREFIX_HEADER = YES;
				GCC_PREFIX_HEADER = DaemonMaster_Prefix.pch;
				INFOPLIST_FILE = Info.plist;
				INSTALL_PATH = "$(HOME)/Applications";
				PRODUCT_NAME = DaemonMaster;
				WRAPPER_EXTENSION = app;
				ZERO_LINK = YES;
			};
			name = Debug;
		};
		C01FCF4C08A954540054247B /* Release */ = {
			isa = XCBuildConfiguration;
			buildSettings = {
				DEBUG_INFORMATION_FORMAT = "dwarf-with-dsym";
				FRAMEWORK_SEARCH_PATHS = (
					"$(inherited)",
					"\"$(SRCROOT)/AuthorizedTasks/build/Debug\"",
					"\"$(SRCROOT)/AuthorizedTasks/build/Release\"",
				);
				GCC_MODEL_TUNING = G5;
				GCC_PRECOMPILE_PREFIX_HEADER = YES;
				GCC_PREFIX_HEADER = DaemonMaster_Prefix.pch;
				INFOPLIST_FILE = Info.plist;
				INSTALL_PATH = "$(HOME)/Applications";
				PRODUCT_NAME = DaemonMaster;
				WRAPPER_EXTENSION = app;
			};
			name = Release;
		};
		C01FCF4F08A954540054247B /* Debug */ = {
			isa = XCBuildConfiguration;
			buildSettings = {
				GCC_WARN_ABOUT_RETURN_TYPE = YES;
				GCC_WARN_UNUSED_VARIABLE = YES;
				MACOSX_DEPLOYMENT_TARGET = 10.5;
				PREBINDING = NO;
				PRODUCT_NAME = DaemonMaster;
				SDKROOT = "$(DEVELOPER_SDK_DIR)/MacOSX10.6.sdk";
			};
			name = Debug;
		};
		C01FCF5008A954540054247B /* Release */ = {
			isa = XCBuildConfiguration;
			buildSettings = {
				ARCHS = "$(ARCHS_STANDARD_32_64_BIT_PRE_XCODE_3_1)";
				ARCHS_STANDARD_32_64_BIT_PRE_XCODE_3_1 = "x86_64 i386 ppc";
				GCC_WARN_ABOUT_RETURN_TYPE = YES;
				GCC_WARN_UNUSED_VARIABLE = YES;
				MACOSX_DEPLOYMENT_TARGET = 10.5;
				PREBINDING = NO;
				PRODUCT_NAME = DaemonMaster;
				SDKROOT = "$(DEVELOPER_SDK_DIR)/MacOSX10.6.sdk";
			};
			name = Release;
		};
/* End XCBuildConfiguration section */

/* Begin XCConfigurationList section */
		C01FCF4A08A954540054247B /* Build configuration list for PBXNativeTarget "DaemonMaster" */ = {
			isa = XCConfigurationList;
			buildConfigurations = (
				C01FCF4B08A954540054247B /* Debug */,
				C01FCF4C08A954540054247B /* Release */,
			);
			defaultConfigurationIsVisible = 0;
			defaultConfigurationName = Release;
		};
		C01FCF4E08A954540054247B /* Build configuration list for PBXProject "DaemonMaster" */ = {
			isa = XCConfigurationList;
			buildConfigurations = (
				C01FCF4F08A954540054247B /* Debug */,
				C01FCF5008A954540054247B /* Release */,
			);
			defaultConfigurationIsVisible = 0;
			defaultConfigurationName = Release;
		};
/* End XCConfigurationList section */
	};
	rootObject = 29B97313FDCFA39411CA2CEA /* Project object */;
}
